
Microsoft Visual Studio Solution File, Format Version 12.00
# Visual Studio 2012
Project("{FAE04EC0-301F-11D3-BF4B-00C04F79EFBC}") = "DongZheng.H3.WebApi", "DongZheng.H3.WebApi\DongZheng.H3.WebApi.csproj", "{0221BBBE-562A-45A9-BE47-6DC8E7101169}"
EndProject
Global
	GlobalSection(SolutionConfigurationPlatforms) = preSolution
		Debug|Any CPU = Debug|Any CPU
		Release|Any CPU = Release|Any CPU
	EndGlobalSection
	GlobalSection(ProjectConfigurationPlatforms) = postSolution
		{0221BBBE-562A-45A9-BE47-6DC8E7101169}.Debug|Any CPU.ActiveCfg = Debug|Any CPU
		{0221BBBE-562A-45A9-BE47-6DC8E7101169}.Debug|Any CPU.Build.0 = Debug|Any CPU
		{0221BBBE-562A-45A9-BE47-6DC8E7101169}.Release|Any CPU.ActiveCfg = Release|Any CPU
		{0221BBBE-562A-45A9-BE47-6DC8E7101169}.Release|Any CPU.Build.0 = Release|Any CPU
	EndGlobalSection
	GlobalSection(SolutionProperties) = preSolution
		HideSolutionNode = FALSE
	EndGlobalSection
EndGlobal
