
Microsoft Visual Studio Solution File, Format Version 12.00
# Visual Studio 15
VisualStudioVersion = 15.0.28010.2036
MinimumVisualStudioVersion = 10.0.40219.1
Project("{FAE04EC0-301F-11D3-BF4B-00C04F79EFBC}") = "H3_Scheduled", "H3_Scheduled\H3_Scheduled.csproj", "{D9E04DF3-A5AE-4E0E-AE7F-48AAB0EEE666}"
EndProject
Global
	GlobalSection(SolutionConfigurationPlatforms) = preSolution
		Debug|Any CPU = Debug|Any CPU
		Debug|x64 = Debug|x64
		Release|Any CPU = Release|Any CPU
		Release|x64 = Release|x64
	EndGlobalSection
	GlobalSection(ProjectConfigurationPlatforms) = postSolution
		{D9E04DF3-A5AE-4E0E-AE7F-48AAB0EEE666}.Debug|Any CPU.ActiveCfg = Debug|Any CPU
		{D9E04DF3-A5AE-4E0E-AE7F-48AAB0EEE666}.Debug|Any CPU.Build.0 = Debug|Any CPU
		{D9E04DF3-A5AE-4E0E-AE7F-48AAB0EEE666}.Debug|x64.ActiveCfg = Debug|x64
		{D9E04DF3-A5AE-4E0E-AE7F-48AAB0EEE666}.Debug|x64.Build.0 = Debug|x64
		{D9E04DF3-A5AE-4E0E-AE7F-48AAB0EEE666}.Release|Any CPU.ActiveCfg = Release|Any CPU
		{D9E04DF3-A5AE-4E0E-AE7F-48AAB0EEE666}.Release|Any CPU.Build.0 = Release|Any CPU
		{D9E04DF3-A5AE-4E0E-AE7F-48AAB0EEE666}.Release|x64.ActiveCfg = Release|x64
		{D9E04DF3-A5AE-4E0E-AE7F-48AAB0EEE666}.Release|x64.Build.0 = Release|x64
	EndGlobalSection
	GlobalSection(SolutionProperties) = preSolution
		HideSolutionNode = FALSE
	EndGlobalSection
	GlobalSection(ExtensibilityGlobals) = postSolution
		SolutionGuid = {22AC7B13-35C6-4D7C-B019-1C49A0D10620}
	EndGlobalSection
EndGlobal
