
Microsoft Visual Studio Solution File, Format Version 12.00
# Visual Studio 2012
Project("{FAE04EC0-301F-11D3-BF4B-00C04F79EFBC}") = "Attachment Aarchive", "Attachment Aarchive\Attachment Aarchive.csproj", "{01784D1B-9918-48B2-8FE1-6B51CCB2AD50}"
EndProject
Global
	GlobalSection(SolutionConfigurationPlatforms) = preSolution
		Debug|Any CPU = Debug|Any CPU
		Release|Any CPU = Release|Any CPU
	EndGlobalSection
	GlobalSection(ProjectConfigurationPlatforms) = postSolution
		{01784D1B-9918-48B2-8FE1-6B51CCB2AD50}.Debug|Any CPU.ActiveCfg = Debug|Any CPU
		{01784D1B-9918-48B2-8FE1-6B51CCB2AD50}.Debug|Any CPU.Build.0 = Debug|Any CPU
		{01784D1B-9918-48B2-8FE1-6B51CCB2AD50}.Release|Any CPU.ActiveCfg = Release|Any CPU
		{01784D1B-9918-48B2-8FE1-6B51CCB2AD50}.Release|Any CPU.Build.0 = Release|Any CPU
	EndGlobalSection
	GlobalSection(SolutionProperties) = preSolution
		HideSolutionNode = FALSE
	EndGlobalSection
EndGlobal
